
Microsoft Visual Studio Solution File, Format Version 12.00
# Visual Studio 15
VisualStudioVersion = 15.0.27703.2042
MinimumVisualStudioVersion = 10.0.40219.1
Project("{9A19103F-16F7-4668-BE54-9A1E7A4F7556}") = "DungeonGenerator", "DungeonGenerator\DungeonGenerator.csproj", "{69D2DADE-E7AE-4E14-977C-BE2F04DAB2CC}"
EndProject
Project("{FAE04EC0-301F-11D3-BF4B-00C04F79EFBC}") = "DungeonVisualizer", "DungeonVisualizer\DungeonVisualizer.csproj", "{8FAA3F40-85C6-4331-AEAC-C2643FD5955A}"
EndProject
Global
	GlobalSection(SolutionConfigurationPlatforms) = preSolution
		Debug|Any CPU = Debug|Any CPU
		Release|Any CPU = Release|Any CPU
	EndGlobalSection
	GlobalSection(ProjectConfigurationPlatforms) = postSolution
		{69D2DADE-E7AE-4E14-977C-BE2F04DAB2CC}.Debug|Any CPU.ActiveCfg = Debug|Any CPU
		{69D2DADE-E7AE-4E14-977C-BE2F04DAB2CC}.Debug|Any CPU.Build.0 = Debug|Any CPU
		{69D2DADE-E7AE-4E14-977C-BE2F04DAB2CC}.Release|Any CPU.ActiveCfg = Release|Any CPU
		{69D2DADE-E7AE-4E14-977C-BE2F04DAB2CC}.Release|Any CPU.Build.0 = Release|Any CPU
		{8FAA3F40-85C6-4331-AEAC-C2643FD5955A}.Debug|Any CPU.ActiveCfg = Debug|Any CPU
		{8FAA3F40-85C6-4331-AEAC-C2643FD5955A}.Debug|Any CPU.Build.0 = Debug|Any CPU
		{8FAA3F40-85C6-4331-AEAC-C2643FD5955A}.Release|Any CPU.ActiveCfg = Release|Any CPU
		{8FAA3F40-85C6-4331-AEAC-C2643FD5955A}.Release|Any CPU.Build.0 = Release|Any CPU
	EndGlobalSection
	GlobalSection(SolutionProperties) = preSolution
		HideSolutionNode = FALSE
	EndGlobalSection
	GlobalSection(ExtensibilityGlobals) = postSolution
		SolutionGuid = {58A7B05E-0532-4D26-8869-4F2F65E3357F}
	EndGlobalSection
EndGlobal
